PODS:
  - JKPresentationController (1.0.0)
  - SnapKit (5.0.1)

DEPENDENCIES:
  - JKPresentationController (~> 1.0.0)
  - SnapKit (~> 5.0.0)

SPEC REPOS:
  https://github.com/CocoaPods/Specs.git:
    - JKPresentationController
    - SnapKit

SPEC CHECKSUMS:
  JKPresentationController: f8886b6ce8a803d8a54711ffaddc94d10cd48fe2
  SnapKit: 97b92857e3df3a0c71833cce143274bf6ef8e5eb

PODFILE CHECKSUM: c24d0c75ba1fc2a61e3f0ce481792f270cce2db9

COCOAPODS: 1.8.4
