PODS:
  - FDFullscreenPopGesture (1.1)
  - JKPresentationController (1.0.0)
  - SnapKit (5.0.1)

DEPENDENCIES:
  - FDFullscreenPopGesture (~> 1.1)
  - JKPresentationController (from `../`)
  - SnapKit (~> 5.0.0)

SPEC REPOS:
  https://github.com/CocoaPods/Specs.git:
    - FDFullscreenPopGesture
    - SnapKit

EXTERNAL SOURCES:
  JKPresentationController:
    :path: "../"

SPEC CHECKSUMS:
  FDFullscreenPopGesture: a8a620179e3d9c40e8e00256dcee1c1a27c6d0f0
  JKPresentationController: 67f2b12c70d986b1b3deac6add77ffdde3f42798
  SnapKit: 97b92857e3df3a0c71833cce143274bf6ef8e5eb

PODFILE CHECKSUM: 06f30b0a6d37a8dc98955138d82143fdc7bacc87

COCOAPODS: 1.9.1
